
Microsoft Visual Studio Solution File, Format Version 12.00
# Visual Studio 15
VisualStudioVersion = 15.0.27703.2026
MinimumVisualStudioVersion = 10.0.40219.1
Project("{FAE04EC0-301F-11D3-BF4B-00C04F79EFBC}") = "project euler C-sharp Exercises", "project euler C-sharp Exercises\project euler C-sharp Exercises.csproj", "{AD48BA6B-C6AF-4054-8AED-D7CAC4D6BA81}"
EndProject
Global
	GlobalSection(SolutionConfigurationPlatforms) = preSolution
		Debug|Any CPU = Debug|Any CPU
		Release|Any CPU = Release|Any CPU
	EndGlobalSection
	GlobalSection(ProjectConfigurationPlatforms) = postSolution
		{AD48BA6B-C6AF-4054-8AED-D7CAC4D6BA81}.Debug|Any CPU.ActiveCfg = Debug|Any CPU
		{AD48BA6B-C6AF-4054-8AED-D7CAC4D6BA81}.Debug|Any CPU.Build.0 = Debug|Any CPU
		{AD48BA6B-C6AF-4054-8AED-D7CAC4D6BA81}.Release|Any CPU.ActiveCfg = Release|Any CPU
		{AD48BA6B-C6AF-4054-8AED-D7CAC4D6BA81}.Release|Any CPU.Build.0 = Release|Any CPU
	EndGlobalSection
	GlobalSection(SolutionProperties) = preSolution
		HideSolutionNode = FALSE
	EndGlobalSection
	GlobalSection(ExtensibilityGlobals) = postSolution
		SolutionGuid = {D361DBF3-4CAC-42DD-8BE4-F92B13203F5A}
	EndGlobalSection
EndGlobal
